// !$*UTF8*$!
{
	archiveVersion = 1;
	classes = {
	};
	objectVersion = 46;
	objects = {

/* Begin PBXBuildFile section */
		0553E0551DD4EFC1006CF54F /* main.cpp in Sources */ = {isa = PBXBuildFile; fileRef = 0553E0541DD4EFC1006CF54F /* main.cpp */; };
		0553E05D1DD4F1FE006CF54F /* Menu.cpp in Sources */ = {isa = PBXBuildFile; fileRef = 0553E05B1DD4F1FE006CF54F /* Menu.cpp */; };
		0553E0601DD4F214006CF54F /* Food.cpp in Sources */ = {isa = PBXBuildFile; fileRef = 0553E05E1DD4F214006CF54F /* Food.cpp */; };
		0553E0631DD4F285006CF54F /* Drinks.cpp in Sources */ = {isa = PBXBuildFile; fileRef = 0553E0611DD4F285006CF54F /* Drinks.cpp */; };
		0553E0661DD4F9A4006CF54F /* Soups.cpp in Sources */ = {isa = PBXBuildFile; fileRef = 0553E0641DD4F9A4006CF54F /* Soups.cpp */; };
		0553E0691DD4F9B7006CF54F /* MainCourse.cpp in Sources */ = {isa = PBXBuildFile; fileRef = 0553E0671DD4F9B7006CF54F /* MainCourse.cpp */; };
		0553E06C1DD4F9D3006CF54F /* Desert.cpp in Sources */ = {isa = PBXBuildFile; fileRef = 0553E06A1DD4F9D3006CF54F /* Desert.cpp */; };
		0553E06F1DD4FA05006CF54F /* SoftDrinks.cpp in Sources */ = {isa = PBXBuildFile; fileRef = 0553E06D1DD4FA05006CF54F /* SoftDrinks.cpp */; };
		0553E0721DD4FA1F006CF54F /* HotDrinks.cpp in Sources */ = {isa = PBXBuildFile; fileRef = 0553E0701DD4FA1F006CF54F /* HotDrinks.cpp */; };
		0553E0751DD4FA2B006CF54F /* Alcohol.cpp in Sources */ = {isa = PBXBuildFile; fileRef = 0553E0731DD4FA2B006CF54F /* Alcohol.cpp */; };
/* End PBXBuildFile section */

/* Begin PBXCopyFilesBuildPhase section */
		0553E04F1DD4EFC1006CF54F /* CopyFiles */ = {
			isa = PBXCopyFilesBuildPhase;
			buildActionMask = 2147483647;
			dstPath = /usr/share/man/man1/;
			dstSubfolderSpec = 0;
			files = (
			);
			runOnlyForDeploymentPostprocessing = 1;
		};
/* End PBXCopyFilesBuildPhase section */

/* Begin PBXFileReference section */
		0553E0511DD4EFC1006CF54F /* RestaurantMenu */ = {isa = PBXFileReference; explicitFileType = "compiled.mach-o.executable"; includeInIndex = 0; path = RestaurantMenu; sourceTree = BUILT_PRODUCTS_DIR; };
		0553E0541DD4EFC1006CF54F /* main.cpp */ = {isa = PBXFileReference; lastKnownFileType = sourcecode.cpp.cpp; path = main.cpp; sourceTree = "<group>"; };
		0553E05B1DD4F1FE006CF54F /* Menu.cpp */ = {isa = PBXFileReference; fileEncoding = 4; lastKnownFileType = sourcecode.cpp.cpp; path = Menu.cpp; sourceTree = "<group>"; };
		0553E05C1DD4F1FE006CF54F /* Menu.hpp */ = {isa = PBXFileReference; fileEncoding = 4; lastKnownFileType = sourcecode.cpp.h; path = Menu.hpp; sourceTree = "<group>"; };
		0553E05E1DD4F214006CF54F /* Food.cpp */ = {isa = PBXFileReference; fileEncoding = 4; lastKnownFileType = sourcecode.cpp.cpp; path = Food.cpp; sourceTree = "<group>"; };
		0553E05F1DD4F214006CF54F /* Food.hpp */ = {isa = PBXFileReference; fileEncoding = 4; lastKnownFileType = sourcecode.cpp.h; path = Food.hpp; sourceTree = "<group>"; };
		0553E0611DD4F285006CF54F /* Drinks.cpp */ = {isa = PBXFileReference; fileEncoding = 4; lastKnownFileType = sourcecode.cpp.cpp; path = Drinks.cpp; sourceTree = "<group>"; };
		0553E0621DD4F285006CF54F /* Drinks.hpp */ = {isa = PBXFileReference; fileEncoding = 4; lastKnownFileType = sourcecode.cpp.h; path = Drinks.hpp; sourceTree = "<group>"; };
		0553E0641DD4F9A4006CF54F /* Soups.cpp */ = {isa = PBXFileReference; fileEncoding = 4; lastKnownFileType = sourcecode.cpp.cpp; path = Soups.cpp; sourceTree = "<group>"; };
		0553E0651DD4F9A4006CF54F /* Soups.hpp */ = {isa = PBXFileReference; fileEncoding = 4; lastKnownFileType = sourcecode.cpp.h; path = Soups.hpp; sourceTree = "<group>"; };
		0553E0671DD4F9B7006CF54F /* MainCourse.cpp */ = {isa = PBXFileReference; fileEncoding = 4; lastKnownFileType = sourcecode.cpp.cpp; path = MainCourse.cpp; sourceTree = "<group>"; };
		0553E0681DD4F9B7006CF54F /* MainCourse.hpp */ = {isa = PBXFileReference; fileEncoding = 4; lastKnownFileType = sourcecode.cpp.h; path = MainCourse.hpp; sourceTree = "<group>"; };
		0553E06A1DD4F9D3006CF54F /* Desert.cpp */ = {isa = PBXFileReference; fileEncoding = 4; lastKnownFileType = sourcecode.cpp.cpp; path = Desert.cpp; sourceTree = "<group>"; };
		0553E06B1DD4F9D3006CF54F /* Desert.hpp */ = {isa = PBXFileReference; fileEncoding = 4; lastKnownFileType = sourcecode.cpp.h; path = Desert.hpp; sourceTree = "<group>"; };
		0553E06D1DD4FA05006CF54F /* SoftDrinks.cpp */ = {isa = PBXFileReference; fileEncoding = 4; lastKnownFileType = sourcecode.cpp.cpp; path = SoftDrinks.cpp; sourceTree = "<group>"; };
		0553E06E1DD4FA05006CF54F /* SoftDrinks.hpp */ = {isa = PBXFileReference; fileEncoding = 4; lastKnownFileType = sourcecode.cpp.h; path = SoftDrinks.hpp; sourceTree = "<group>"; };
		0553E0701DD4FA1F006CF54F /* HotDrinks.cpp */ = {isa = PBXFileReference; fileEncoding = 4; lastKnownFileType = sourcecode.cpp.cpp; path = HotDrinks.cpp; sourceTree = "<group>"; };
		0553E0711DD4FA1F006CF54F /* HotDrinks.hpp */ = {isa = PBXFileReference; fileEncoding = 4; lastKnownFileType = sourcecode.cpp.h; path = HotDrinks.hpp; sourceTree = "<group>"; };
		0553E0731DD4FA2B006CF54F /* Alcohol.cpp */ = {isa = PBXFileReference; fileEncoding = 4; lastKnownFileType = sourcecode.cpp.cpp; path = Alcohol.cpp; sourceTree = "<group>"; };
		0553E0741DD4FA2B006CF54F /* Alcohol.hpp */ = {isa = PBXFileReference; fileEncoding = 4; lastKnownFileType = sourcecode.cpp.h; path = Alcohol.hpp; sourceTree = "<group>"; };
/* End PBXFileReference section */

/* Begin PBXFrameworksBuildPhase section */
		0553E04E1DD4EFC1006CF54F /* Frameworks */ = {
			isa = PBXFrameworksBuildPhase;
			buildActionMask = 2147483647;
			files = (
			);
			runOnlyForDeploymentPostprocessing = 0;
		};
/* End PBXFrameworksBuildPhase section */

/* Begin PBXGroup section */
		0553E0481DD4EFC1006CF54F = {
			isa = PBXGroup;
			children = (
				0553E0731DD4FA2B006CF54F /* Alcohol.cpp */,
				0553E0741DD4FA2B006CF54F /* Alcohol.hpp */,
				0553E0701DD4FA1F006CF54F /* HotDrinks.cpp */,
				0553E0711DD4FA1F006CF54F /* HotDrinks.hpp */,
				0553E06D1DD4FA05006CF54F /* SoftDrinks.cpp */,
				0553E06E1DD4FA05006CF54F /* SoftDrinks.hpp */,
				0553E06A1DD4F9D3006CF54F /* Desert.cpp */,
				0553E06B1DD4F9D3006CF54F /* Desert.hpp */,
				0553E0671DD4F9B7006CF54F /* MainCourse.cpp */,
				0553E0681DD4F9B7006CF54F /* MainCourse.hpp */,
				0553E0641DD4F9A4006CF54F /* Soups.cpp */,
				0553E0651DD4F9A4006CF54F /* Soups.hpp */,
				0553E0611DD4F285006CF54F /* Drinks.cpp */,
				0553E0621DD4F285006CF54F /* Drinks.hpp */,
				0553E05E1DD4F214006CF54F /* Food.cpp */,
				0553E05F1DD4F214006CF54F /* Food.hpp */,
				0553E05B1DD4F1FE006CF54F /* Menu.cpp */,
				0553E05C1DD4F1FE006CF54F /* Menu.hpp */,
				0553E0531DD4EFC1006CF54F /* RestaurantMenu */,
				0553E0521DD4EFC1006CF54F /* Products */,
			);
			sourceTree = "<group>";
		};
		0553E0521DD4EFC1006CF54F /* Products */ = {
			isa = PBXGroup;
			children = (
				0553E0511DD4EFC1006CF54F /* RestaurantMenu */,
			);
			name = Products;
			sourceTree = "<group>";
		};
		0553E0531DD4EFC1006CF54F /* RestaurantMenu */ = {
			isa = PBXGroup;
			children = (
				0553E0541DD4EFC1006CF54F /* main.cpp */,
			);
			path = RestaurantMenu;
			sourceTree = "<group>";
		};
/* End PBXGroup section */

/* Begin PBXNativeTarget section */
		0553E0501DD4EFC1006CF54F /* RestaurantMenu */ = {
			isa = PBXNativeTarget;
			buildConfigurationList = 0553E0581DD4EFC1006CF54F /* Build configuration list for PBXNativeTarget "RestaurantMenu" */;
			buildPhases = (
				0553E04D1DD4EFC1006CF54F /* Sources */,
				0553E04E1DD4EFC1006CF54F /* Frameworks */,
				0553E04F1DD4EFC1006CF54F /* CopyFiles */,
			);
			buildRules = (
			);
			dependencies = (
			);
			name = RestaurantMenu;
			productName = RestaurantMenu;
			productReference = 0553E0511DD4EFC1006CF54F /* RestaurantMenu */;
			productType = "com.apple.product-type.tool";
		};
/* End PBXNativeTarget section */

/* Begin PBXProject section */
		0553E0491DD4EFC1006CF54F /* Project object */ = {
			isa = PBXProject;
			attributes = {
				LastUpgradeCheck = 0810;
				ORGANIZATIONNAME = "Boris Angelov";
				TargetAttributes = {
					0553E0501DD4EFC1006CF54F = {
						CreatedOnToolsVersion = 8.1;
						ProvisioningStyle = Automatic;
					};
				};
			};
			buildConfigurationList = 0553E04C1DD4EFC1006CF54F /* Build configuration list for PBXProject "RestaurantMenu" */;
			compatibilityVersion = "Xcode 3.2";
			developmentRegion = English;
			hasScannedForEncodings = 0;
			knownRegions = (
				en,
			);
			mainGroup = 0553E0481DD4EFC1006CF54F;
			productRefGroup = 0553E0521DD4EFC1006CF54F /* Products */;
			projectDirPath = "";
			projectRoot = "";
			targets = (
				0553E0501DD4EFC1006CF54F /* RestaurantMenu */,
			);
		};
/* End PBXProject section */

/* Begin PBXSourcesBuildPhase section */
		0553E04D1DD4EFC1006CF54F /* Sources */ = {
			isa = PBXSourcesBuildPhase;
			buildActionMask = 2147483647;
			files = (
				0553E06C1DD4F9D3006CF54F /* Desert.cpp in Sources */,
				0553E0601DD4F214006CF54F /* Food.cpp in Sources */,
				0553E05D1DD4F1FE006CF54F /* Menu.cpp in Sources */,
				0553E0631DD4F285006CF54F /* Drinks.cpp in Sources */,
				0553E0721DD4FA1F006CF54F /* HotDrinks.cpp in Sources */,
				0553E0551DD4EFC1006CF54F /* main.cpp in Sources */,
				0553E0751DD4FA2B006CF54F /* Alcohol.cpp in Sources */,
				0553E0661DD4F9A4006CF54F /* Soups.cpp in Sources */,
				0553E06F1DD4FA05006CF54F /* SoftDrinks.cpp in Sources */,
				0553E0691DD4F9B7006CF54F /* MainCourse.cpp in Sources */,
			);
			runOnlyForDeploymentPostprocessing = 0;
		};
/* End PBXSourcesBuildPhase section */

/* Begin XCBuildConfiguration section */
		0553E0561DD4EFC1006CF54F /* Debug */ = {
			isa = XCBuildConfiguration;
			buildSettings = {
				ALWAYS_SEARCH_USER_PATHS = NO;
				CLANG_ANALYZER_NONNULL = YES;
				CLANG_CXX_LANGUAGE_STANDARD = "gnu++0x";
				CLANG_CXX_LIBRARY = "libc++";
				CLANG_ENABLE_MODULES = YES;
				CLANG_ENABLE_OBJC_ARC = YES;
				CLANG_WARN_BOOL_CONVERSION = YES;
				CLANG_WARN_CONSTANT_CONVERSION = YES;
				CLANG_WARN_DIRECT_OBJC_ISA_USAGE = YES_ERROR;
				CLANG_WARN_DOCUMENTATION_COMMENTS = YES;
				CLANG_WARN_EMPTY_BODY = YES;
				CLANG_WARN_ENUM_CONVERSION = YES;
				CLANG_WARN_INFINITE_RECURSION = YES;
				CLANG_WARN_INT_CONVERSION = YES;
				CLANG_WARN_OBJC_ROOT_CLASS = YES_ERROR;
				CLANG_WARN_SUSPICIOUS_MOVES = YES;
				CLANG_WARN_UNREACHABLE_CODE = YES;
				CLANG_WARN__DUPLICATE_METHOD_MATCH = YES;
				CODE_SIGN_IDENTITY = "-";
				COPY_PHASE_STRIP = NO;
				DEBUG_INFORMATION_FORMAT = dwarf;
				ENABLE_STRICT_OBJC_MSGSEND = YES;
				ENABLE_TESTABILITY = YES;
				GCC_C_LANGUAGE_STANDARD = gnu99;
				GCC_DYNAMIC_NO_PIC = NO;
				GCC_NO_COMMON_BLOCKS = YES;
				GCC_OPTIMIZATION_LEVEL = 0;
				GCC_PREPROCESSOR_DEFINITIONS = (
					"DEBUG=1",
					"$(inherited)",
				);
				GCC_WARN_64_TO_32_BIT_CONVERSION = YES;
				GCC_WARN_ABOUT_RETURN_TYPE = YES_ERROR;
				GCC_WARN_UNDECLARED_SELECTOR = YES;
				GCC_WARN_UNINITIALIZED_AUTOS = YES_AGGRESSIVE;
				GCC_WARN_UNUSED_FUNCTION = YES;
				GCC_WARN_UNUSED_VARIABLE = YES;
				MACOSX_DEPLOYMENT_TARGET = 10.12;
				MTL_ENABLE_DEBUG_INFO = YES;
				ONLY_ACTIVE_ARCH = YES;
				SDKROOT = macosx;
			};
			name = Debug;
		};
		0553E0571DD4EFC1006CF54F /* Release */ = {
			isa = XCBuildConfiguration;
			buildSettings = {
				ALWAYS_SEARCH_USER_PATHS = NO;
				CLANG_ANALYZER_NONNULL = YES;
				CLANG_CXX_LANGUAGE_STANDARD = "gnu++0x";
				CLANG_CXX_LIBRARY = "libc++";
				CLANG_ENABLE_MODULES = YES;
				CLANG_ENABLE_OBJC_ARC = YES;
				CLANG_WARN_BOOL_CONVERSION = YES;
				CLANG_WARN_CONSTANT_CONVERSION = YES;
				CLANG_WARN_DIRECT_OBJC_ISA_USAGE = YES_ERROR;
				CLANG_WARN_DOCUMENTATION_COMMENTS = YES;
				CLANG_WARN_EMPTY_BODY = YES;
				CLANG_WARN_ENUM_CONVERSION = YES;
				CLANG_WARN_INFINITE_RECURSION = YES;
				CLANG_WARN_INT_CONVERSION = YES;
				CLANG_WARN_OBJC_ROOT_CLASS = YES_ERROR;
				CLANG_WARN_SUSPICIOUS_MOVES = YES;
				CLANG_WARN_UNREACHABLE_CODE = YES;
				CLANG_WARN__DUPLICATE_METHOD_MATCH = YES;
				CODE_SIGN_IDENTITY = "-";
				COPY_PHASE_STRIP = NO;
				DEBUG_INFORMATION_FORMAT = "dwarf-with-dsym";
				ENABLE_NS_ASSERTIONS = NO;
				ENABLE_STRICT_OBJC_MSGSEND = YES;
				GCC_C_LANGUAGE_STANDARD = gnu99;
				GCC_NO_COMMON_BLOCKS = YES;
				GCC_WARN_64_TO_32_BIT_CONVERSION = YES;
				GCC_WARN_ABOUT_RETURN_TYPE = YES_ERROR;
				GCC_WARN_UNDECLARED_SELECTOR = YES;
				GCC_WARN_UNINITIALIZED_AUTOS = YES_AGGRESSIVE;
				GCC_WARN_UNUSED_FUNCTION = YES;
				GCC_WARN_UNUSED_VARIABLE = YES;
				MACOSX_DEPLOYMENT_TARGET = 10.12;
				MTL_ENABLE_DEBUG_INFO = NO;
				SDKROOT = macosx;
			};
			name = Release;
		};
		0553E0591DD4EFC1006CF54F /* Debug */ = {
			isa = XCBuildConfiguration;
			buildSettings = {
				PRODUCT_NAME = "$(TARGET_NAME)";
			};
			name = Debug;
		};
		0553E05A1DD4EFC1006CF54F /* Release */ = {
			isa = XCBuildConfiguration;
			buildSettings = {
				PRODUCT_NAME = "$(TARGET_NAME)";
			};
			name = Release;
		};
/* End XCBuildConfiguration section */

/* Begin XCConfigurationList section */
		0553E04C1DD4EFC1006CF54F /* Build configuration list for PBXProject "RestaurantMenu" */ = {
			isa = XCConfigurationList;
			buildConfigurations = (
				0553E0561DD4EFC1006CF54F /* Debug */,
				0553E0571DD4EFC1006CF54F /* Release */,
			);
			defaultConfigurationIsVisible = 0;
			defaultConfigurationName = Release;
		};
		0553E0581DD4EFC1006CF54F /* Build configuration list for PBXNativeTarget "RestaurantMenu" */ = {
			isa = XCConfigurationList;
			buildConfigurations = (
				0553E0591DD4EFC1006CF54F /* Debug */,
				0553E05A1DD4EFC1006CF54F /* Release */,
			);
			defaultConfigurationIsVisible = 0;
			defaultConfigurationName = Release;
		};
/* End XCConfigurationList section */
	};
	rootObject = 0553E0491DD4EFC1006CF54F /* Project object */;
}
